
Microsoft Visual Studio Solution File, Format Version 12.00
# Visual Studio Version 17
VisualStudioVersion = 17.0.32014.148
MinimumVisualStudioVersion = 10.0.40219.1
Project("{8BC9CEB8-8B4A-11D0-8D11-00A0C91BC942}") = "myvector", "myvector\myvector.vcxproj", "{9F7BFE7A-CAB7-4CFD-A1B1-CA6D3B04A151}"
EndProject
Global
	GlobalSection(SolutionConfigurationPlatforms) = preSolution
		Debug|x64 = Debug|x64
		Debug|x86 = Debug|x86
		Release|x64 = Release|x64
		Release|x86 = Release|x86
	EndGlobalSection
	GlobalSection(ProjectConfigurationPlatforms) = postSolution
		{9F7BFE7A-CAB7-4CFD-A1B1-CA6D3B04A151}.Debug|x64.ActiveCfg = Debug|x64
		{9F7BFE7A-CAB7-4CFD-A1B1-CA6D3B04A151}.Debug|x64.Build.0 = Debug|x64
		{9F7BFE7A-CAB7-4CFD-A1B1-CA6D3B04A151}.Debug|x86.ActiveCfg = Debug|Win32
		{9F7BFE7A-CAB7-4CFD-A1B1-CA6D3B04A151}.Debug|x86.Build.0 = Debug|Win32
		{9F7BFE7A-CAB7-4CFD-A1B1-CA6D3B04A151}.Release|x64.ActiveCfg = Release|x64
		{9F7BFE7A-CAB7-4CFD-A1B1-CA6D3B04A151}.Release|x64.Build.0 = Release|x64
		{9F7BFE7A-CAB7-4CFD-A1B1-CA6D3B04A151}.Release|x86.ActiveCfg = Release|Win32
		{9F7BFE7A-CAB7-4CFD-A1B1-CA6D3B04A151}.Release|x86.Build.0 = Release|Win32
	EndGlobalSection
	GlobalSection(SolutionProperties) = preSolution
		HideSolutionNode = FALSE
	EndGlobalSection
	GlobalSection(ExtensibilityGlobals) = postSolution
		SolutionGuid = {A53991D2-4761-4702-9713-56A637491A9A}
	EndGlobalSection
EndGlobal
